
Microsoft Visual Studio Solution File, Format Version 12.00
# Visual Studio Version 16
VisualStudioVersion = 16.0.31613.86
MinimumVisualStudioVersion = 10.0.40219.1
Project("{FAE04EC0-301F-11D3-BF4B-00C04F79EFBC}") = "InfotrackScraperLibrary", "InfotrackScraperLibrary\InfotrackScraperLibrary.csproj", "{04D1DD1F-63F7-4E56-933C-27DB2AA4D9B4}"
EndProject
Project("{FAE04EC0-301F-11D3-BF4B-00C04F79EFBC}") = "InfotrackScraperConsoleApp", "InfotrackScraperConsoleApp\InfotrackScraperConsoleApp.csproj", "{F1335803-1AAE-4955-B6AB-76E7B0BA69CD}"
EndProject
Project("{FAE04EC0-301F-11D3-BF4B-00C04F79EFBC}") = "InfotrackScraperWebApp", "InfotrackScraperWebApp\InfotrackScraperWebApp.csproj", "{5695F71D-1C26-4303-BFA8-44B0A180E6E6}"
EndProject
Global
	GlobalSection(SolutionConfigurationPlatforms) = preSolution
		Debug|Any CPU = Debug|Any CPU
		Release|Any CPU = Release|Any CPU
	EndGlobalSection
	GlobalSection(ProjectConfigurationPlatforms) = postSolution
		{04D1DD1F-63F7-4E56-933C-27DB2AA4D9B4}.Debug|Any CPU.ActiveCfg = Debug|Any CPU
		{04D1DD1F-63F7-4E56-933C-27DB2AA4D9B4}.Debug|Any CPU.Build.0 = Debug|Any CPU
		{04D1DD1F-63F7-4E56-933C-27DB2AA4D9B4}.Release|Any CPU.ActiveCfg = Release|Any CPU
		{04D1DD1F-63F7-4E56-933C-27DB2AA4D9B4}.Release|Any CPU.Build.0 = Release|Any CPU
		{F1335803-1AAE-4955-B6AB-76E7B0BA69CD}.Debug|Any CPU.ActiveCfg = Debug|Any CPU
		{F1335803-1AAE-4955-B6AB-76E7B0BA69CD}.Debug|Any CPU.Build.0 = Debug|Any CPU
		{F1335803-1AAE-4955-B6AB-76E7B0BA69CD}.Release|Any CPU.ActiveCfg = Release|Any CPU
		{F1335803-1AAE-4955-B6AB-76E7B0BA69CD}.Release|Any CPU.Build.0 = Release|Any CPU
		{5695F71D-1C26-4303-BFA8-44B0A180E6E6}.Debug|Any CPU.ActiveCfg = Debug|Any CPU
		{5695F71D-1C26-4303-BFA8-44B0A180E6E6}.Debug|Any CPU.Build.0 = Debug|Any CPU
		{5695F71D-1C26-4303-BFA8-44B0A180E6E6}.Release|Any CPU.ActiveCfg = Release|Any CPU
		{5695F71D-1C26-4303-BFA8-44B0A180E6E6}.Release|Any CPU.Build.0 = Release|Any CPU
	EndGlobalSection
	GlobalSection(SolutionProperties) = preSolution
		HideSolutionNode = FALSE
	EndGlobalSection
	GlobalSection(ExtensibilityGlobals) = postSolution
		SolutionGuid = {C3D401B9-7A5F-4446-AEEC-570896EF96FD}
	EndGlobalSection
EndGlobal
